
Microsoft Visual Studio Solution File, Format Version 12.00
# Visual Studio 15
VisualStudioVersion = 15.0.28307.489
MinimumVisualStudioVersion = 10.0.40219.1
Project("{FAE04EC0-301F-11D3-BF4B-00C04F79EFBC}") = "WitStyle.Common", "WitStyle.Common\WitStyle.Common.csproj", "{7039E274-D43C-4321-8439-B756489C18FB}"
EndProject
Project("{FAE04EC0-301F-11D3-BF4B-00C04F79EFBC}") = "WitStyle.Services", "WitStyle.Services\WitStyle.Services.csproj", "{DF6628FE-A311-4ECF-9B02-A7C70A37794E}"
EndProject
Project("{9A19103F-16F7-4668-BE54-9A1E7A4F7556}") = "WitStyle.Web", "WitStyle.Web\WitStyle.Web.csproj", "{FDEC346D-E516-4E86-A8D7-866E95321152}"
EndProject
Project("{9A19103F-16F7-4668-BE54-9A1E7A4F7556}") = "WitStyle.Data", "WitStyle.Data\WitStyle.Data.csproj", "{51071B0C-4F46-4912-8B3C-ABEA735F0AC6}"
EndProject
Global
	GlobalSection(SolutionConfigurationPlatforms) = preSolution
		Debug|Any CPU = Debug|Any CPU
		Release|Any CPU = Release|Any CPU
	EndGlobalSection
	GlobalSection(ProjectConfigurationPlatforms) = postSolution
		{7039E274-D43C-4321-8439-B756489C18FB}.Debug|Any CPU.ActiveCfg = Debug|Any CPU
		{7039E274-D43C-4321-8439-B756489C18FB}.Debug|Any CPU.Build.0 = Debug|Any CPU
		{7039E274-D43C-4321-8439-B756489C18FB}.Release|Any CPU.ActiveCfg = Release|Any CPU
		{7039E274-D43C-4321-8439-B756489C18FB}.Release|Any CPU.Build.0 = Release|Any CPU
		{DF6628FE-A311-4ECF-9B02-A7C70A37794E}.Debug|Any CPU.ActiveCfg = Debug|Any CPU
		{DF6628FE-A311-4ECF-9B02-A7C70A37794E}.Debug|Any CPU.Build.0 = Debug|Any CPU
		{DF6628FE-A311-4ECF-9B02-A7C70A37794E}.Release|Any CPU.ActiveCfg = Release|Any CPU
		{DF6628FE-A311-4ECF-9B02-A7C70A37794E}.Release|Any CPU.Build.0 = Release|Any CPU
		{FDEC346D-E516-4E86-A8D7-866E95321152}.Debug|Any CPU.ActiveCfg = Debug|Any CPU
		{FDEC346D-E516-4E86-A8D7-866E95321152}.Debug|Any CPU.Build.0 = Debug|Any CPU
		{FDEC346D-E516-4E86-A8D7-866E95321152}.Release|Any CPU.ActiveCfg = Release|Any CPU
		{FDEC346D-E516-4E86-A8D7-866E95321152}.Release|Any CPU.Build.0 = Release|Any CPU
		{51071B0C-4F46-4912-8B3C-ABEA735F0AC6}.Debug|Any CPU.ActiveCfg = Debug|Any CPU
		{51071B0C-4F46-4912-8B3C-ABEA735F0AC6}.Debug|Any CPU.Build.0 = Debug|Any CPU
		{51071B0C-4F46-4912-8B3C-ABEA735F0AC6}.Release|Any CPU.ActiveCfg = Release|Any CPU
		{51071B0C-4F46-4912-8B3C-ABEA735F0AC6}.Release|Any CPU.Build.0 = Release|Any CPU
	EndGlobalSection
	GlobalSection(SolutionProperties) = preSolution
		HideSolutionNode = FALSE
	EndGlobalSection
	GlobalSection(ExtensibilityGlobals) = postSolution
		SolutionGuid = {57440C94-8D81-415A-8E81-FA64AA5ADF0C}
	EndGlobalSection
EndGlobal
